// !$*UTF8*$!
{
	archiveVersion = 1;
	classes = {
	};
	objectVersion = 46;
	objects = {

/* Begin PBXBuildFile section */
		8361E9D61DF3224100DB19BB /* AppDelegate.swift in Sources */ = {isa = PBXBuildFile; fileRef = 8361E9D51DF3224100DB19BB /* AppDelegate.swift */; };
		8361E9D81DF3224100DB19BB /* ViewController.swift in Sources */ = {isa = PBXBuildFile; fileRef = 8361E9D71DF3224100DB19BB /* ViewController.swift */; };
		8361E9DB1DF3224100DB19BB /* Main.storyboard in Resources */ = {isa = PBXBuildFile; fileRef = 8361E9D91DF3224100DB19BB /* Main.storyboard */; };
		8361E9DD1DF3224100DB19BB /* Assets.xcassets in Resources */ = {isa = PBXBuildFile; fileRef = 8361E9DC1DF3224100DB19BB /* Assets.xcassets */; };
		8361E9E01DF3224100DB19BB /* LaunchScreen.storyboard in Resources */ = {isa = PBXBuildFile; fileRef = 8361E9DE1DF3224100DB19BB /* LaunchScreen.storyboard */; };
		8361E9EB1DF3224100DB19BB /* FORTRANsitTests.swift in Sources */ = {isa = PBXBuildFile; fileRef = 8361E9EA1DF3224100DB19BB /* FORTRANsitTests.swift */; };
		8361E9F61DF3224100DB19BB /* FORTRANsitUITests.swift in Sources */ = {isa = PBXBuildFile; fileRef = 8361E9F51DF3224100DB19BB /* FORTRANsitUITests.swift */; };
		8361EA0A1DF34A9D00DB19BB /* NotificationCenter.framework in Frameworks */ = {isa = PBXBuildFile; fileRef = 8361EA091DF34A9D00DB19BB /* NotificationCenter.framework */; };
		8361EA0D1DF34A9D00DB19BB /* TodayViewController.swift in Sources */ = {isa = PBXBuildFile; fileRef = 8361EA0C1DF34A9D00DB19BB /* TodayViewController.swift */; };
		8361EA101DF34A9D00DB19BB /* MainInterface.storyboard in Resources */ = {isa = PBXBuildFile; fileRef = 8361EA0E1DF34A9D00DB19BB /* MainInterface.storyboard */; };
		8361EA141DF34A9D00DB19BB /* FORTRANsitWidget.appex in Embed App Extensions */ = {isa = PBXBuildFile; fileRef = 8361EA071DF34A9C00DB19BB /* FORTRANsitWidget.appex */; settings = {ATTRIBUTES = (RemoveHeadersOnCopy, ); }; };
		8361EA271DF34C2100DB19BB /* FORTRANsitFramework.framework in Frameworks */ = {isa = PBXBuildFile; fileRef = 8361EA1E1DF34C2000DB19BB /* FORTRANsitFramework.framework */; };
		8361EA2E1DF34C2100DB19BB /* FORTRANsitFrameworkTests.swift in Sources */ = {isa = PBXBuildFile; fileRef = 8361EA2D1DF34C2100DB19BB /* FORTRANsitFrameworkTests.swift */; };
		8361EA301DF34C2100DB19BB /* FORTRANsitFramework.h in Headers */ = {isa = PBXBuildFile; fileRef = 8361EA201DF34C2000DB19BB /* FORTRANsitFramework.h */; settings = {ATTRIBUTES = (Public, ); }; };
		8361EA331DF34C2100DB19BB /* FORTRANsitFramework.framework in Frameworks */ = {isa = PBXBuildFile; fileRef = 8361EA1E1DF34C2000DB19BB /* FORTRANsitFramework.framework */; };
		8361EA341DF34C2100DB19BB /* FORTRANsitFramework.framework in Embed Frameworks */ = {isa = PBXBuildFile; fileRef = 8361EA1E1DF34C2000DB19BB /* FORTRANsitFramework.framework */; settings = {ATTRIBUTES = (CodeSignOnCopy, RemoveHeadersOnCopy, ); }; };
		83B343791DF3628400EE07D1 /* DataService.swift in Sources */ = {isa = PBXBuildFile; fileRef = 83B343781DF3628400EE07D1 /* DataService.swift */; };
/* End PBXBuildFile section */

/* Begin PBXContainerItemProxy section */
		8361E9E71DF3224100DB19BB /* PBXContainerItemProxy */ = {
			isa = PBXContainerItemProxy;
			containerPortal = 8361E9CA1DF3224100DB19BB /* Project object */;
			proxyType = 1;
			remoteGlobalIDString = 8361E9D11DF3224100DB19BB;
			remoteInfo = FORTRANsit;
		};
		8361E9F21DF3224100DB19BB /* PBXContainerItemProxy */ = {
			isa = PBXContainerItemProxy;
			containerPortal = 8361E9CA1DF3224100DB19BB /* Project object */;
			proxyType = 1;
			remoteGlobalIDString = 8361E9D11DF3224100DB19BB;
			remoteInfo = FORTRANsit;
		};
		8361EA121DF34A9D00DB19BB /* PBXContainerItemProxy */ = {
			isa = PBXContainerItemProxy;
			containerPortal = 8361E9CA1DF3224100DB19BB /* Project object */;
			proxyType = 1;
			remoteGlobalIDString = 8361EA061DF34A9C00DB19BB;
			remoteInfo = FORTRANsitWidget;
		};
		8361EA281DF34C2100DB19BB /* PBXContainerItemProxy */ = {
			isa = PBXContainerItemProxy;
			containerPortal = 8361E9CA1DF3224100DB19BB /* Project object */;
			proxyType = 1;
			remoteGlobalIDString = 8361EA1D1DF34C2000DB19BB;
			remoteInfo = FORTRANsitFramework;
		};
		8361EA2A1DF34C2100DB19BB /* PBXContainerItemProxy */ = {
			isa = PBXContainerItemProxy;
			containerPortal = 8361E9CA1DF3224100DB19BB /* Project object */;
			proxyType = 1;
			remoteGlobalIDString = 8361E9D11DF3224100DB19BB;
			remoteInfo = FORTRANsit;
		};
		8361EA311DF34C2100DB19BB /* PBXContainerItemProxy */ = {
			isa = PBXContainerItemProxy;
			containerPortal = 8361E9CA1DF3224100DB19BB /* Project object */;
			proxyType = 1;
			remoteGlobalIDString = 8361EA1D1DF34C2000DB19BB;
			remoteInfo = FORTRANsitFramework;
		};
/* End PBXContainerItemProxy section */

/* Begin PBXCopyFilesBuildPhase section */
		8361EA181DF34A9D00DB19BB /* Embed App Extensions */ = {
			isa = PBXCopyFilesBuildPhase;
			buildActionMask = 2147483647;
			dstPath = "";
			dstSubfolderSpec = 13;
			files = (
				8361EA141DF34A9D00DB19BB /* FORTRANsitWidget.appex in Embed App Extensions */,
			);
			name = "Embed App Extensions";
			runOnlyForDeploymentPostprocessing = 0;
		};
		8361EA381DF34C2100DB19BB /* Embed Frameworks */ = {
			isa = PBXCopyFilesBuildPhase;
			buildActionMask = 2147483647;
			dstPath = "";
			dstSubfolderSpec = 10;
			files = (
				8361EA341DF34C2100DB19BB /* FORTRANsitFramework.framework in Embed Frameworks */,
			);
			name = "Embed Frameworks";
			runOnlyForDeploymentPostprocessing = 0;
		};
/* End PBXCopyFilesBuildPhase section */

/* Begin PBXFileReference section */
		8361E9D21DF3224100DB19BB /* FORTRANsit.app */ = {isa = PBXFileReference; explicitFileType = wrapper.application; includeInIndex = 0; path = FORTRANsit.app; sourceTree = BUILT_PRODUCTS_DIR; };
		8361E9D51DF3224100DB19BB /* AppDelegate.swift */ = {isa = PBXFileReference; lastKnownFileType = sourcecode.swift; path = AppDelegate.swift; sourceTree = "<group>"; };
		8361E9D71DF3224100DB19BB /* ViewController.swift */ = {isa = PBXFileReference; lastKnownFileType = sourcecode.swift; path = ViewController.swift; sourceTree = "<group>"; };
		8361E9DA1DF3224100DB19BB /* Base */ = {isa = PBXFileReference; lastKnownFileType = file.storyboard; name = Base; path = Base.lproj/Main.storyboard; sourceTree = "<group>"; };
		8361E9DC1DF3224100DB19BB /* Assets.xcassets */ = {isa = PBXFileReference; lastKnownFileType = folder.assetcatalog; path = Assets.xcassets; sourceTree = "<group>"; };
		8361E9DF1DF3224100DB19BB /* Base */ = {isa = PBXFileReference; lastKnownFileType = file.storyboard; name = Base; path = Base.lproj/LaunchScreen.storyboard; sourceTree = "<group>"; };
		8361E9E11DF3224100DB19BB /* Info.plist */ = {isa = PBXFileReference; lastKnownFileType = text.plist.xml; path = Info.plist; sourceTree = "<group>"; };
		8361E9E61DF3224100DB19BB /* FORTRANsitTests.xctest */ = {isa = PBXFileReference; explicitFileType = wrapper.cfbundle; includeInIndex = 0; path = FORTRANsitTests.xctest; sourceTree = BUILT_PRODUCTS_DIR; };
		8361E9EA1DF3224100DB19BB /* FORTRANsitTests.swift */ = {isa = PBXFileReference; lastKnownFileType = sourcecode.swift; path = FORTRANsitTests.swift; sourceTree = "<group>"; };
		8361E9EC1DF3224100DB19BB /* Info.plist */ = {isa = PBXFileReference; lastKnownFileType = text.plist.xml; path = Info.plist; sourceTree = "<group>"; };
		8361E9F11DF3224100DB19BB /* FORTRANsitUITests.xctest */ = {isa = PBXFileReference; explicitFileType = wrapper.cfbundle; includeInIndex = 0; path = FORTRANsitUITests.xctest; sourceTree = BUILT_PRODUCTS_DIR; };
		8361E9F51DF3224100DB19BB /* FORTRANsitUITests.swift */ = {isa = PBXFileReference; lastKnownFileType = sourcecode.swift; path = FORTRANsitUITests.swift; sourceTree = "<group>"; };
		8361E9F71DF3224100DB19BB /* Info.plist */ = {isa = PBXFileReference; lastKnownFileType = text.plist.xml; path = Info.plist; sourceTree = "<group>"; };
		8361EA071DF34A9C00DB19BB /* FORTRANsitWidget.appex */ = {isa = PBXFileReference; explicitFileType = "wrapper.app-extension"; includeInIndex = 0; path = FORTRANsitWidget.appex; sourceTree = BUILT_PRODUCTS_DIR; };
		8361EA091DF34A9D00DB19BB /* NotificationCenter.framework */ = {isa = PBXFileReference; lastKnownFileType = wrapper.framework; name = NotificationCenter.framework; path = System/Library/Frameworks/NotificationCenter.framework; sourceTree = SDKROOT; };
		8361EA0C1DF34A9D00DB19BB /* TodayViewController.swift */ = {isa = PBXFileReference; lastKnownFileType = sourcecode.swift; path = TodayViewController.swift; sourceTree = "<group>"; };
		8361EA0F1DF34A9D00DB19BB /* Base */ = {isa = PBXFileReference; lastKnownFileType = file.storyboard; name = Base; path = Base.lproj/MainInterface.storyboard; sourceTree = "<group>"; };
		8361EA111DF34A9D00DB19BB /* Info.plist */ = {isa = PBXFileReference; lastKnownFileType = text.plist.xml; path = Info.plist; sourceTree = "<group>"; };
		8361EA1E1DF34C2000DB19BB /* FORTRANsitFramework.framework */ = {isa = PBXFileReference; explicitFileType = wrapper.framework; includeInIndex = 0; path = FORTRANsitFramework.framework; sourceTree = BUILT_PRODUCTS_DIR; };
		8361EA201DF34C2000DB19BB /* FORTRANsitFramework.h */ = {isa = PBXFileReference; lastKnownFileType = sourcecode.c.h; path = FORTRANsitFramework.h; sourceTree = "<group>"; };
		8361EA211DF34C2000DB19BB /* Info.plist */ = {isa = PBXFileReference; lastKnownFileType = text.plist.xml; path = Info.plist; sourceTree = "<group>"; };
		8361EA261DF34C2000DB19BB /* FORTRANsitFrameworkTests.xctest */ = {isa = PBXFileReference; explicitFileType = wrapper.cfbundle; includeInIndex = 0; path = FORTRANsitFrameworkTests.xctest; sourceTree = BUILT_PRODUCTS_DIR; };
		8361EA2D1DF34C2100DB19BB /* FORTRANsitFrameworkTests.swift */ = {isa = PBXFileReference; lastKnownFileType = sourcecode.swift; path = FORTRANsitFrameworkTests.swift; sourceTree = "<group>"; };
		8361EA2F1DF34C2100DB19BB /* Info.plist */ = {isa = PBXFileReference; lastKnownFileType = text.plist.xml; path = Info.plist; sourceTree = "<group>"; };
		83B343781DF3628400EE07D1 /* DataService.swift */ = {isa = PBXFileReference; fileEncoding = 4; lastKnownFileType = sourcecode.swift; path = DataService.swift; sourceTree = "<group>"; };
/* End PBXFileReference section */

/* Begin PBXFrameworksBuildPhase section */
		8361E9CF1DF3224100DB19BB /* Frameworks */ = {
			isa = PBXFrameworksBuildPhase;
			buildActionMask = 2147483647;
			files = (
				8361EA331DF34C2100DB19BB /* FORTRANsitFramework.framework in Frameworks */,
			);
			runOnlyForDeploymentPostprocessing = 0;
		};
		8361E9E31DF3224100DB19BB /* Frameworks */ = {
			isa = PBXFrameworksBuildPhase;
			buildActionMask = 2147483647;
			files = (
			);
			runOnlyForDeploymentPostprocessing = 0;
		};
		8361E9EE1DF3224100DB19BB /* Frameworks */ = {
			isa = PBXFrameworksBuildPhase;
			buildActionMask = 2147483647;
			files = (
			);
			runOnlyForDeploymentPostprocessing = 0;
		};
		8361EA041DF34A9C00DB19BB /* Frameworks */ = {
			isa = PBXFrameworksBuildPhase;
			buildActionMask = 2147483647;
			files = (
				8361EA0A1DF34A9D00DB19BB /* NotificationCenter.framework in Frameworks */,
			);
			runOnlyForDeploymentPostprocessing = 0;
		};
		8361EA1A1DF34C2000DB19BB /* Frameworks */ = {
			isa = PBXFrameworksBuildPhase;
			buildActionMask = 2147483647;
			files = (
			);
			runOnlyForDeploymentPostprocessing = 0;
		};
		8361EA231DF34C2000DB19BB /* Frameworks */ = {
			isa = PBXFrameworksBuildPhase;
			buildActionMask = 2147483647;
			files = (
				8361EA271DF34C2100DB19BB /* FORTRANsitFramework.framework in Frameworks */,
			);
			runOnlyForDeploymentPostprocessing = 0;
		};
/* End PBXFrameworksBuildPhase section */

/* Begin PBXGroup section */
		8361E9C91DF3224100DB19BB = {
			isa = PBXGroup;
			children = (
				8361E9D41DF3224100DB19BB /* FORTRANsit */,
				8361E9E91DF3224100DB19BB /* FORTRANsitTests */,
				8361E9F41DF3224100DB19BB /* FORTRANsitUITests */,
				8361EA0B1DF34A9D00DB19BB /* FORTRANsitWidget */,
				8361EA1F1DF34C2000DB19BB /* FORTRANsitFramework */,
				8361EA2C1DF34C2100DB19BB /* FORTRANsitFrameworkTests */,
				8361EA081DF34A9C00DB19BB /* Frameworks */,
				8361E9D31DF3224100DB19BB /* Products */,
			);
			sourceTree = "<group>";
		};
		8361E9D31DF3224100DB19BB /* Products */ = {
			isa = PBXGroup;
			children = (
				8361E9D21DF3224100DB19BB /* FORTRANsit.app */,
				8361E9E61DF3224100DB19BB /* FORTRANsitTests.xctest */,
				8361E9F11DF3224100DB19BB /* FORTRANsitUITests.xctest */,
				8361EA071DF34A9C00DB19BB /* FORTRANsitWidget.appex */,
				8361EA1E1DF34C2000DB19BB /* FORTRANsitFramework.framework */,
				8361EA261DF34C2000DB19BB /* FORTRANsitFrameworkTests.xctest */,
			);
			name = Products;
			sourceTree = "<group>";
		};
		8361E9D41DF3224100DB19BB /* FORTRANsit */ = {
			isa = PBXGroup;
			children = (
				8361E9D51DF3224100DB19BB /* AppDelegate.swift */,
				8361E9D71DF3224100DB19BB /* ViewController.swift */,
				8361E9D91DF3224100DB19BB /* Main.storyboard */,
				8361E9DC1DF3224100DB19BB /* Assets.xcassets */,
				8361E9DE1DF3224100DB19BB /* LaunchScreen.storyboard */,
				8361E9E11DF3224100DB19BB /* Info.plist */,
			);
			path = FORTRANsit;
			sourceTree = "<group>";
		};
		8361E9E91DF3224100DB19BB /* FORTRANsitTests */ = {
			isa = PBXGroup;
			children = (
				8361E9EA1DF3224100DB19BB /* FORTRANsitTests.swift */,
				8361E9EC1DF3224100DB19BB /* Info.plist */,
			);
			path = FORTRANsitTests;
			sourceTree = "<group>";
		};
		8361E9F41DF3224100DB19BB /* FORTRANsitUITests */ = {
			isa = PBXGroup;
			children = (
				8361E9F51DF3224100DB19BB /* FORTRANsitUITests.swift */,
				8361E9F71DF3224100DB19BB /* Info.plist */,
			);
			path = FORTRANsitUITests;
			sourceTree = "<group>";
		};
		8361EA081DF34A9C00DB19BB /* Frameworks */ = {
			isa = PBXGroup;
			children = (
				8361EA091DF34A9D00DB19BB /* NotificationCenter.framework */,
			);
			name = Frameworks;
			sourceTree = "<group>";
		};
		8361EA0B1DF34A9D00DB19BB /* FORTRANsitWidget */ = {
			isa = PBXGroup;
			children = (
				8361EA0C1DF34A9D00DB19BB /* TodayViewController.swift */,
				8361EA0E1DF34A9D00DB19BB /* MainInterface.storyboard */,
				8361EA111DF34A9D00DB19BB /* Info.plist */,
			);
			path = FORTRANsitWidget;
			sourceTree = "<group>";
		};
		8361EA1F1DF34C2000DB19BB /* FORTRANsitFramework */ = {
			isa = PBXGroup;
			children = (
				8361EA201DF34C2000DB19BB /* FORTRANsitFramework.h */,
				8361EA211DF34C2000DB19BB /* Info.plist */,
				83B343781DF3628400EE07D1 /* DataService.swift */,
			);
			path = FORTRANsitFramework;
			sourceTree = "<group>";
		};
		8361EA2C1DF34C2100DB19BB /* FORTRANsitFrameworkTests */ = {
			isa = PBXGroup;
			children = (
				8361EA2D1DF34C2100DB19BB /* FORTRANsitFrameworkTests.swift */,
				8361EA2F1DF34C2100DB19BB /* Info.plist */,
			);
			path = FORTRANsitFrameworkTests;
			sourceTree = "<group>";
		};
/* End PBXGroup section */

/* Begin PBXHeadersBuildPhase section */
		8361EA1B1DF34C2000DB19BB /* Headers */ = {
			isa = PBXHeadersBuildPhase;
			buildActionMask = 2147483647;
			files = (
				8361EA301DF34C2100DB19BB /* FORTRANsitFramework.h in Headers */,
			);
			runOnlyForDeploymentPostprocessing = 0;
		};
/* End PBXHeadersBuildPhase section */

/* Begin PBXNativeTarget section */
		8361E9D11DF3224100DB19BB /* FORTRANsit */ = {
			isa = PBXNativeTarget;
			buildConfigurationList = 8361E9FA1DF3224100DB19BB /* Build configuration list for PBXNativeTarget "FORTRANsit" */;
			buildPhases = (
				8361E9CE1DF3224100DB19BB /* Sources */,
				8361E9CF1DF3224100DB19BB /* Frameworks */,
				8361E9D01DF3224100DB19BB /* Resources */,
				8361EA181DF34A9D00DB19BB /* Embed App Extensions */,
				8361EA381DF34C2100DB19BB /* Embed Frameworks */,
			);
			buildRules = (
			);
			dependencies = (
				8361EA131DF34A9D00DB19BB /* PBXTargetDependency */,
				8361EA321DF34C2100DB19BB /* PBXTargetDependency */,
			);
			name = FORTRANsit;
			productName = FORTRANsit;
			productReference = 8361E9D21DF3224100DB19BB /* FORTRANsit.app */;
			productType = "com.apple.product-type.application";
		};
		8361E9E51DF3224100DB19BB /* FORTRANsitTests */ = {
			isa = PBXNativeTarget;
			buildConfigurationList = 8361E9FD1DF3224100DB19BB /* Build configuration list for PBXNativeTarget "FORTRANsitTests" */;
			buildPhases = (
				8361E9E21DF3224100DB19BB /* Sources */,
				8361E9E31DF3224100DB19BB /* Frameworks */,
				8361E9E41DF3224100DB19BB /* Resources */,
			);
			buildRules = (
			);
			dependencies = (
				8361E9E81DF3224100DB19BB /* PBXTargetDependency */,
			);
			name = FORTRANsitTests;
			productName = FORTRANsitTests;
			productReference = 8361E9E61DF3224100DB19BB /* FORTRANsitTests.xctest */;
			productType = "com.apple.product-type.bundle.unit-test";
		};
		8361E9F01DF3224100DB19BB /* FORTRANsitUITests */ = {
			isa = PBXNativeTarget;
			buildConfigurationList = 8361EA001DF3224100DB19BB /* Build configuration list for PBXNativeTarget "FORTRANsitUITests" */;
			buildPhases = (
				8361E9ED1DF3224100DB19BB /* Sources */,
				8361E9EE1DF3224100DB19BB /* Frameworks */,
				8361E9EF1DF3224100DB19BB /* Resources */,
			);
			buildRules = (
			);
			dependencies = (
				8361E9F31DF3224100DB19BB /* PBXTargetDependency */,
			);
			name = FORTRANsitUITests;
			productName = FORTRANsitUITests;
			productReference = 8361E9F11DF3224100DB19BB /* FORTRANsitUITests.xctest */;
			productType = "com.apple.product-type.bundle.ui-testing";
		};
		8361EA061DF34A9C00DB19BB /* FORTRANsitWidget */ = {
			isa = PBXNativeTarget;
			buildConfigurationList = 8361EA151DF34A9D00DB19BB /* Build configuration list for PBXNativeTarget "FORTRANsitWidget" */;
			buildPhases = (
				8361EA031DF34A9C00DB19BB /* Sources */,
				8361EA041DF34A9C00DB19BB /* Frameworks */,
				8361EA051DF34A9C00DB19BB /* Resources */,
			);
			buildRules = (
			);
			dependencies = (
			);
			name = FORTRANsitWidget;
			productName = FORTRANsitWidget;
			productReference = 8361EA071DF34A9C00DB19BB /* FORTRANsitWidget.appex */;
			productType = "com.apple.product-type.app-extension";
		};
		8361EA1D1DF34C2000DB19BB /* FORTRANsitFramework */ = {
			isa = PBXNativeTarget;
			buildConfigurationList = 8361EA351DF34C2100DB19BB /* Build configuration list for PBXNativeTarget "FORTRANsitFramework" */;
			buildPhases = (
				8361EA191DF34C2000DB19BB /* Sources */,
				8361EA1A1DF34C2000DB19BB /* Frameworks */,
				8361EA1B1DF34C2000DB19BB /* Headers */,
				8361EA1C1DF34C2000DB19BB /* Resources */,
			);
			buildRules = (
			);
			dependencies = (
			);
			name = FORTRANsitFramework;
			productName = FORTRANsitFramework;
			productReference = 8361EA1E1DF34C2000DB19BB /* FORTRANsitFramework.framework */;
			productType = "com.apple.product-type.framework";
		};
		8361EA251DF34C2000DB19BB /* FORTRANsitFrameworkTests */ = {
			isa = PBXNativeTarget;
			buildConfigurationList = 8361EA391DF34C2100DB19BB /* Build configuration list for PBXNativeTarget "FORTRANsitFrameworkTests" */;
			buildPhases = (
				8361EA221DF34C2000DB19BB /* Sources */,
				8361EA231DF34C2000DB19BB /* Frameworks */,
				8361EA241DF34C2000DB19BB /* Resources */,
			);
			buildRules = (
			);
			dependencies = (
				8361EA291DF34C2100DB19BB /* PBXTargetDependency */,
				8361EA2B1DF34C2100DB19BB /* PBXTargetDependency */,
			);
			name = FORTRANsitFrameworkTests;
			productName = FORTRANsitFrameworkTests;
			productReference = 8361EA261DF34C2000DB19BB /* FORTRANsitFrameworkTests.xctest */;
			productType = "com.apple.product-type.bundle.unit-test";
		};
/* End PBXNativeTarget section */

/* Begin PBXProject section */
		8361E9CA1DF3224100DB19BB /* Project object */ = {
			isa = PBXProject;
			attributes = {
				LastSwiftUpdateCheck = 0810;
				LastUpgradeCheck = 0810;
				ORGANIZATIONNAME = "Josh Klassen";
				TargetAttributes = {
					8361E9D11DF3224100DB19BB = {
						CreatedOnToolsVersion = 8.1;
						DevelopmentTeam = LNMB6YK7H9;
						ProvisioningStyle = Automatic;
					};
					8361E9E51DF3224100DB19BB = {
						CreatedOnToolsVersion = 8.1;
						DevelopmentTeam = LNMB6YK7H9;
						ProvisioningStyle = Automatic;
						TestTargetID = 8361E9D11DF3224100DB19BB;
					};
					8361E9F01DF3224100DB19BB = {
						CreatedOnToolsVersion = 8.1;
						DevelopmentTeam = LNMB6YK7H9;
						ProvisioningStyle = Automatic;
						TestTargetID = 8361E9D11DF3224100DB19BB;
					};
					8361EA061DF34A9C00DB19BB = {
						CreatedOnToolsVersion = 8.1;
						DevelopmentTeam = LNMB6YK7H9;
						ProvisioningStyle = Automatic;
					};
					8361EA1D1DF34C2000DB19BB = {
						CreatedOnToolsVersion = 8.1;
						DevelopmentTeam = LNMB6YK7H9;
						LastSwiftMigration = 0810;
						ProvisioningStyle = Automatic;
					};
					8361EA251DF34C2000DB19BB = {
						CreatedOnToolsVersion = 8.1;
						DevelopmentTeam = LNMB6YK7H9;
						ProvisioningStyle = Automatic;
						TestTargetID = 8361E9D11DF3224100DB19BB;
					};
				};
			};
			buildConfigurationList = 8361E9CD1DF3224100DB19BB /* Build configuration list for PBXProject "FORTRANsit" */;
			compatibilityVersion = "Xcode 3.2";
			developmentRegion = English;
			hasScannedForEncodings = 0;
			knownRegions = (
				en,
				Base,
			);
			mainGroup = 8361E9C91DF3224100DB19BB;
			productRefGroup = 8361E9D31DF3224100DB19BB /* Products */;
			projectDirPath = "";
			projectRoot = "";
			targets = (
				8361E9D11DF3224100DB19BB /* FORTRANsit */,
				8361E9E51DF3224100DB19BB /* FORTRANsitTests */,
				8361E9F01DF3224100DB19BB /* FORTRANsitUITests */,
				8361EA061DF34A9C00DB19BB /* FORTRANsitWidget */,
				8361EA1D1DF34C2000DB19BB /* FORTRANsitFramework */,
				8361EA251DF34C2000DB19BB /* FORTRANsitFrameworkTests */,
			);
		};
/* End PBXProject section */

/* Begin PBXResourcesBuildPhase section */
		8361E9D01DF3224100DB19BB /* Resources */ = {
			isa = PBXResourcesBuildPhase;
			buildActionMask = 2147483647;
			files = (
				8361E9E01DF3224100DB19BB /* LaunchScreen.storyboard in Resources */,
				8361E9DD1DF3224100DB19BB /* Assets.xcassets in Resources */,
				8361E9DB1DF3224100DB19BB /* Main.storyboard in Resources */,
			);
			runOnlyForDeploymentPostprocessing = 0;
		};
		8361E9E41DF3224100DB19BB /* Resources */ = {
			isa = PBXResourcesBuildPhase;
			buildActionMask = 2147483647;
			files = (
			);
			runOnlyForDeploymentPostprocessing = 0;
		};
		8361E9EF1DF3224100DB19BB /* Resources */ = {
			isa = PBXResourcesBuildPhase;
			buildActionMask = 2147483647;
			files = (
			);
			runOnlyForDeploymentPostprocessing = 0;
		};
		8361EA051DF34A9C00DB19BB /* Resources */ = {
			isa = PBXResourcesBuildPhase;
			buildActionMask = 2147483647;
			files = (
				8361EA101DF34A9D00DB19BB /* MainInterface.storyboard in Resources */,
			);
			runOnlyForDeploymentPostprocessing = 0;
		};
		8361EA1C1DF34C2000DB19BB /* Resources */ = {
			isa = PBXResourcesBuildPhase;
			buildActionMask = 2147483647;
			files = (
			);
			runOnlyForDeploymentPostprocessing = 0;
		};
		8361EA241DF34C2000DB19BB /* Resources */ = {
			isa = PBXResourcesBuildPhase;
			buildActionMask = 2147483647;
			files = (
			);
			runOnlyForDeploymentPostprocessing = 0;
		};
/* End PBXResourcesBuildPhase section */

/* Begin PBXSourcesBuildPhase section */
		8361E9CE1DF3224100DB19BB /* Sources */ = {
			isa = PBXSourcesBuildPhase;
			buildActionMask = 2147483647;
			files = (
				8361E9D81DF3224100DB19BB /* ViewController.swift in Sources */,
				8361E9D61DF3224100DB19BB /* AppDelegate.swift in Sources */,
			);
			runOnlyForDeploymentPostprocessing = 0;
		};
		8361E9E21DF3224100DB19BB /* Sources */ = {
			isa = PBXSourcesBuildPhase;
			buildActionMask = 2147483647;
			files = (
				8361E9EB1DF3224100DB19BB /* FORTRANsitTests.swift in Sources */,
			);
			runOnlyForDeploymentPostprocessing = 0;
		};
		8361E9ED1DF3224100DB19BB /* Sources */ = {
			isa = PBXSourcesBuildPhase;
			buildActionMask = 2147483647;
			files = (
				8361E9F61DF3224100DB19BB /* FORTRANsitUITests.swift in Sources */,
			);
			runOnlyForDeploymentPostprocessing = 0;
		};
		8361EA031DF34A9C00DB19BB /* Sources */ = {
			isa = PBXSourcesBuildPhase;
			buildActionMask = 2147483647;
			files = (
				8361EA0D1DF34A9D00DB19BB /* TodayViewController.swift in Sources */,
			);
			runOnlyForDeploymentPostprocessing = 0;
		};
		8361EA191DF34C2000DB19BB /* Sources */ = {
			isa = PBXSourcesBuildPhase;
			buildActionMask = 2147483647;
			files = (
				83B343791DF3628400EE07D1 /* DataService.swift in Sources */,
			);
			runOnlyForDeploymentPostprocessing = 0;
		};
		8361EA221DF34C2000DB19BB /* Sources */ = {
			isa = PBXSourcesBuildPhase;
			buildActionMask = 2147483647;
			files = (
				8361EA2E1DF34C2100DB19BB /* FORTRANsitFrameworkTests.swift in Sources */,
			);
			runOnlyForDeploymentPostprocessing = 0;
		};
/* End PBXSourcesBuildPhase section */

/* Begin PBXTargetDependency section */
		8361E9E81DF3224100DB19BB /* PBXTargetDependency */ = {
			isa = PBXTargetDependency;
			target = 8361E9D11DF3224100DB19BB /* FORTRANsit */;
			targetProxy = 8361E9E71DF3224100DB19BB /* PBXContainerItemProxy */;
		};
		8361E9F31DF3224100DB19BB /* PBXTargetDependency */ = {
			isa = PBXTargetDependency;
			target = 8361E9D11DF3224100DB19BB /* FORTRANsit */;
			targetProxy = 8361E9F21DF3224100DB19BB /* PBXContainerItemProxy */;
		};
		8361EA131DF34A9D00DB19BB /* PBXTargetDependency */ = {
			isa = PBXTargetDependency;
			target = 8361EA061DF34A9C00DB19BB /* FORTRANsitWidget */;
			targetProxy = 8361EA121DF34A9D00DB19BB /* PBXContainerItemProxy */;
		};
		8361EA291DF34C2100DB19BB /* PBXTargetDependency */ = {
			isa = PBXTargetDependency;
			target = 8361EA1D1DF34C2000DB19BB /* FORTRANsitFramework */;
			targetProxy = 8361EA281DF34C2100DB19BB /* PBXContainerItemProxy */;
		};
		8361EA2B1DF34C2100DB19BB /* PBXTargetDependency */ = {
			isa = PBXTargetDependency;
			target = 8361E9D11DF3224100DB19BB /* FORTRANsit */;
			targetProxy = 8361EA2A1DF34C2100DB19BB /* PBXContainerItemProxy */;
		};
		8361EA321DF34C2100DB19BB /* PBXTargetDependency */ = {
			isa = PBXTargetDependency;
			target = 8361EA1D1DF34C2000DB19BB /* FORTRANsitFramework */;
			targetProxy = 8361EA311DF34C2100DB19BB /* PBXContainerItemProxy */;
		};
/* End PBXTargetDependency section */

/* Begin PBXVariantGroup section */
		8361E9D91DF3224100DB19BB /* Main.storyboard */ = {
			isa = PBXVariantGroup;
			children = (
				8361E9DA1DF3224100DB19BB /* Base */,
			);
			name = Main.storyboard;
			sourceTree = "<group>";
		};
		8361E9DE1DF3224100DB19BB /* LaunchScreen.storyboard */ = {
			isa = PBXVariantGroup;
			children = (
				8361E9DF1DF3224100DB19BB /* Base */,
			);
			name = LaunchScreen.storyboard;
			sourceTree = "<group>";
		};
		8361EA0E1DF34A9D00DB19BB /* MainInterface.storyboard */ = {
			isa = PBXVariantGroup;
			children = (
				8361EA0F1DF34A9D00DB19BB /* Base */,
			);
			name = MainInterface.storyboard;
			sourceTree = "<group>";
		};
/* End PBXVariantGroup section */

/* Begin XCBuildConfiguration section */
		8361E9F81DF3224100DB19BB /* Debug */ = {
			isa = XCBuildConfiguration;
			buildSettings = {
				ALWAYS_SEARCH_USER_PATHS = NO;
				CLANG_ANALYZER_NONNULL = YES;
				CLANG_CXX_LANGUAGE_STANDARD = "gnu++0x";
				CLANG_CXX_LIBRARY = "libc++";
				CLANG_ENABLE_MODULES = YES;
				CLANG_ENABLE_OBJC_ARC = YES;
				CLANG_WARN_BOOL_CONVERSION = YES;
				CLANG_WARN_CONSTANT_CONVERSION = YES;
				CLANG_WARN_DIRECT_OBJC_ISA_USAGE = YES_ERROR;
				CLANG_WARN_DOCUMENTATION_COMMENTS = YES;
				CLANG_WARN_EMPTY_BODY = YES;
				CLANG_WARN_ENUM_CONVERSION = YES;
				CLANG_WARN_INFINITE_RECURSION = YES;
				CLANG_WARN_INT_CONVERSION = YES;
				CLANG_WARN_OBJC_ROOT_CLASS = YES_ERROR;
				CLANG_WARN_SUSPICIOUS_MOVES = YES;
				CLANG_WARN_UNREACHABLE_CODE = YES;
				CLANG_WARN__DUPLICATE_METHOD_MATCH = YES;
				"CODE_SIGN_IDENTITY[sdk=iphoneos*]" = "iPhone Developer";
				COPY_PHASE_STRIP = NO;
				DEBUG_INFORMATION_FORMAT = dwarf;
				ENABLE_STRICT_OBJC_MSGSEND = YES;
				ENABLE_TESTABILITY = YES;
				GCC_C_LANGUAGE_STANDARD = gnu99;
				GCC_DYNAMIC_NO_PIC = NO;
				GCC_NO_COMMON_BLOCKS = YES;
				GCC_OPTIMIZATION_LEVEL = 0;
				GCC_PREPROCESSOR_DEFINITIONS = (
					"DEBUG=1",
					"$(inherited)",
				);
				GCC_WARN_64_TO_32_BIT_CONVERSION = YES;
				GCC_WARN_ABOUT_RETURN_TYPE = YES_ERROR;
				GCC_WARN_UNDECLARED_SELECTOR = YES;
				GCC_WARN_UNINITIALIZED_AUTOS = YES_AGGRESSIVE;
				GCC_WARN_UNUSED_FUNCTION = YES;
				GCC_WARN_UNUSED_VARIABLE = YES;
				IPHONEOS_DEPLOYMENT_TARGET = 10.1;
				MTL_ENABLE_DEBUG_INFO = YES;
				ONLY_ACTIVE_ARCH = YES;
				SDKROOT = iphoneos;
				SWIFT_ACTIVE_COMPILATION_CONDITIONS = DEBUG;
				SWIFT_OPTIMIZATION_LEVEL = "-Onone";
			};
			name = Debug;
		};
		8361E9F91DF3224100DB19BB /* Release */ = {
			isa = XCBuildConfiguration;
			buildSettings = {
				ALWAYS_SEARCH_USER_PATHS = NO;
				CLANG_ANALYZER_NONNULL = YES;
				CLANG_CXX_LANGUAGE_STANDARD = "gnu++0x";
				CLANG_CXX_LIBRARY = "libc++";
				CLANG_ENABLE_MODULES = YES;
				CLANG_ENABLE_OBJC_ARC = YES;
				CLANG_WARN_BOOL_CONVERSION = YES;
				CLANG_WARN_CONSTANT_CONVERSION = YES;
				CLANG_WARN_DIRECT_OBJC_ISA_USAGE = YES_ERROR;
				CLANG_WARN_DOCUMENTATION_COMMENTS = YES;
				CLANG_WARN_EMPTY_BODY = YES;
				CLANG_WARN_ENUM_CONVERSION = YES;
				CLANG_WARN_INFINITE_RECURSION = YES;
				CLANG_WARN_INT_CONVERSION = YES;
				CLANG_WARN_OBJC_ROOT_CLASS = YES_ERROR;
				CLANG_WARN_SUSPICIOUS_MOVES = YES;
				CLANG_WARN_UNREACHABLE_CODE = YES;
				CLANG_WARN__DUPLICATE_METHOD_MATCH = YES;
				"CODE_SIGN_IDENTITY[sdk=iphoneos*]" = "iPhone Developer";
				COPY_PHASE_STRIP = NO;
				DEBUG_INFORMATION_FORMAT = "dwarf-with-dsym";
				ENABLE_NS_ASSERTIONS = NO;
				ENABLE_STRICT_OBJC_MSGSEND = YES;
				GCC_C_LANGUAGE_STANDARD = gnu99;
				GCC_NO_COMMON_BLOCKS = YES;
				GCC_WARN_64_TO_32_BIT_CONVERSION = YES;
				GCC_WARN_ABOUT_RETURN_TYPE = YES_ERROR;
				GCC_WARN_UNDECLARED_SELECTOR = YES;
				GCC_WARN_UNINITIALIZED_AUTOS = YES_AGGRESSIVE;
				GCC_WARN_UNUSED_FUNCTION = YES;
				GCC_WARN_UNUSED_VARIABLE = YES;
				IPHONEOS_DEPLOYMENT_TARGET = 10.1;
				MTL_ENABLE_DEBUG_INFO = NO;
				SDKROOT = iphoneos;
				SWIFT_OPTIMIZATION_LEVEL = "-Owholemodule";
				VALIDATE_PRODUCT = YES;
			};
			name = Release;
		};
		8361E9FB1DF3224100DB19BB /* Debug */ = {
			isa = XCBuildConfiguration;
			buildSettings = {
				ALWAYS_EMBED_SWIFT_STANDARD_LIBRARIES = YES;
				ASSETCATALOG_COMPILER_APPICON_NAME = AppIcon;
				DEVELOPMENT_TEAM = LNMB6YK7H9;
				"FRAMEWORK_SEARCH_PATHS[arch=*]" = /Users/joshklassen/Desktop/LocalHackDay2016/FORTRANsit;
				INFOPLIST_FILE = FORTRANsit/Info.plist;
				LD_RUNPATH_SEARCH_PATHS = "$(inherited) @executable_path/Frameworks";
				PRODUCT_BUNDLE_IDENTIFIER = KOG.FORTRANsit;
				PRODUCT_NAME = "$(TARGET_NAME)";
				SWIFT_VERSION = 3.0;
			};
			name = Debug;
		};
		8361E9FC1DF3224100DB19BB /* Release */ = {
			isa = XCBuildConfiguration;
			buildSettings = {
				ALWAYS_EMBED_SWIFT_STANDARD_LIBRARIES = YES;
				ASSETCATALOG_COMPILER_APPICON_NAME = AppIcon;
				DEVELOPMENT_TEAM = LNMB6YK7H9;
				INFOPLIST_FILE = FORTRANsit/Info.plist;
				LD_RUNPATH_SEARCH_PATHS = "$(inherited) @executable_path/Frameworks";
				PRODUCT_BUNDLE_IDENTIFIER = KOG.FORTRANsit;
				PRODUCT_NAME = "$(TARGET_NAME)";
				SWIFT_VERSION = 3.0;
			};
			name = Release;
		};
		8361E9FE1DF3224100DB19BB /* Debug */ = {
			isa = XCBuildConfiguration;
			buildSettings = {
				ALWAYS_EMBED_SWIFT_STANDARD_LIBRARIES = YES;
				BUNDLE_LOADER = "$(TEST_HOST)";
				DEVELOPMENT_TEAM = LNMB6YK7H9;
				INFOPLIST_FILE = FORTRANsitTests/Info.plist;
				LD_RUNPATH_SEARCH_PATHS = "$(inherited) @executable_path/Frameworks @loader_path/Frameworks";
				PRODUCT_BUNDLE_IDENTIFIER = KOG.FORTRANsitTests;
				PRODUCT_NAME = "$(TARGET_NAME)";
				SWIFT_VERSION = 3.0;
				TEST_HOST = "$(BUILT_PRODUCTS_DIR)/FORTRANsit.app/FORTRANsit";
			};
			name = Debug;
		};
		8361E9FF1DF3224100DB19BB /* Release */ = {
			isa = XCBuildConfiguration;
			buildSettings = {
				ALWAYS_EMBED_SWIFT_STANDARD_LIBRARIES = YES;
				BUNDLE_LOADER = "$(TEST_HOST)";
				DEVELOPMENT_TEAM = LNMB6YK7H9;
				INFOPLIST_FILE = FORTRANsitTests/Info.plist;
				LD_RUNPATH_SEARCH_PATHS = "$(inherited) @executable_path/Frameworks @loader_path/Frameworks";
				PRODUCT_BUNDLE_IDENTIFIER = KOG.FORTRANsitTests;
				PRODUCT_NAME = "$(TARGET_NAME)";
				SWIFT_VERSION = 3.0;
				TEST_HOST = "$(BUILT_PRODUCTS_DIR)/FORTRANsit.app/FORTRANsit";
			};
			name = Release;
		};
		8361EA011DF3224100DB19BB /* Debug */ = {
			isa = XCBuildConfiguration;
			buildSettings = {
				ALWAYS_EMBED_SWIFT_STANDARD_LIBRARIES = YES;
				DEVELOPMENT_TEAM = LNMB6YK7H9;
				INFOPLIST_FILE = FORTRANsitUITests/Info.plist;
				LD_RUNPATH_SEARCH_PATHS = "$(inherited) @executable_path/Frameworks @loader_path/Frameworks";
				PRODUCT_BUNDLE_IDENTIFIER = KOG.FORTRANsitUITests;
				PRODUCT_NAME = "$(TARGET_NAME)";
				SWIFT_VERSION = 3.0;
				TEST_TARGET_NAME = FORTRANsit;
			};
			name = Debug;
		};
		8361EA021DF3224100DB19BB /* Release */ = {
			isa = XCBuildConfiguration;
			buildSettings = {
				ALWAYS_EMBED_SWIFT_STANDARD_LIBRARIES = YES;
				DEVELOPMENT_TEAM = LNMB6YK7H9;
				INFOPLIST_FILE = FORTRANsitUITests/Info.plist;
				LD_RUNPATH_SEARCH_PATHS = "$(inherited) @executable_path/Frameworks @loader_path/Frameworks";
				PRODUCT_BUNDLE_IDENTIFIER = KOG.FORTRANsitUITests;
				PRODUCT_NAME = "$(TARGET_NAME)";
				SWIFT_VERSION = 3.0;
				TEST_TARGET_NAME = FORTRANsit;
			};
			name = Release;
		};
		8361EA161DF34A9D00DB19BB /* Debug */ = {
			isa = XCBuildConfiguration;
			buildSettings = {
				DEVELOPMENT_TEAM = LNMB6YK7H9;
				"FRAMEWORK_SEARCH_PATHS[arch=*]" = /Users/joshklassen/Desktop/LocalHackDay2016/FORTRANsit;
				INFOPLIST_FILE = FORTRANsitWidget/Info.plist;
				LD_RUNPATH_SEARCH_PATHS = "$(inherited) @executable_path/Frameworks @executable_path/../../Frameworks";
				PRODUCT_BUNDLE_IDENTIFIER = KOG.FORTRANsit.FORTRANsitWidget;
				PRODUCT_NAME = "$(TARGET_NAME)";
				SKIP_INSTALL = YES;
				SWIFT_VERSION = 3.0;
			};
			name = Debug;
		};
		8361EA171DF34A9D00DB19BB /* Release */ = {
			isa = XCBuildConfiguration;
			buildSettings = {
				DEVELOPMENT_TEAM = LNMB6YK7H9;
				INFOPLIST_FILE = FORTRANsitWidget/Info.plist;
				LD_RUNPATH_SEARCH_PATHS = "$(inherited) @executable_path/Frameworks @executable_path/../../Frameworks";
				PRODUCT_BUNDLE_IDENTIFIER = KOG.FORTRANsit.FORTRANsitWidget;
				PRODUCT_NAME = "$(TARGET_NAME)";
				SKIP_INSTALL = YES;
				SWIFT_VERSION = 3.0;
			};
			name = Release;
		};
		8361EA361DF34C2100DB19BB /* Debug */ = {
			isa = XCBuildConfiguration;
			buildSettings = {
				CLANG_ENABLE_MODULES = YES;
				CODE_SIGN_IDENTITY = "";
				CURRENT_PROJECT_VERSION = 1;
				DEFINES_MODULE = YES;
				DEVELOPMENT_TEAM = LNMB6YK7H9;
				DYLIB_COMPATIBILITY_VERSION = 1;
				DYLIB_CURRENT_VERSION = 1;
				DYLIB_INSTALL_NAME_BASE = "@rpath";
				INFOPLIST_FILE = FORTRANsitFramework/Info.plist;
				INSTALL_PATH = "$(LOCAL_LIBRARY_DIR)/Frameworks";
				LD_RUNPATH_SEARCH_PATHS = "$(inherited) @executable_path/Frameworks @loader_path/Frameworks";
				PRODUCT_BUNDLE_IDENTIFIER = KOG.FORTRANsitFramework;
				PRODUCT_NAME = "$(TARGET_NAME)";
				SKIP_INSTALL = YES;
				SWIFT_OPTIMIZATION_LEVEL = "-Onone";
				SWIFT_VERSION = 3.0;
				TARGETED_DEVICE_FAMILY = "1,2";
				VERSIONING_SYSTEM = "apple-generic";
				VERSION_INFO_PREFIX = "";
			};
			name = Debug;
		};
		8361EA371DF34C2100DB19BB /* Release */ = {
			isa = XCBuildConfiguration;
			buildSettings = {
				CLANG_ENABLE_MODULES = YES;
				CODE_SIGN_IDENTITY = "";
				CURRENT_PROJECT_VERSION = 1;
				DEFINES_MODULE = YES;
				DEVELOPMENT_TEAM = LNMB6YK7H9;
				DYLIB_COMPATIBILITY_VERSION = 1;
				DYLIB_CURRENT_VERSION = 1;
				DYLIB_INSTALL_NAME_BASE = "@rpath";
				INFOPLIST_FILE = FORTRANsitFramework/Info.plist;
				INSTALL_PATH = "$(LOCAL_LIBRARY_DIR)/Frameworks";
				LD_RUNPATH_SEARCH_PATHS = "$(inherited) @executable_path/Frameworks @loader_path/Frameworks";
				PRODUCT_BUNDLE_IDENTIFIER = KOG.FORTRANsitFramework;
				PRODUCT_NAME = "$(TARGET_NAME)";
				SKIP_INSTALL = YES;
				SWIFT_VERSION = 3.0;
				TARGETED_DEVICE_FAMILY = "1,2";
				VERSIONING_SYSTEM = "apple-generic";
				VERSION_INFO_PREFIX = "";
			};
			name = Release;
		};
		8361EA3A1DF34C2100DB19BB /* Debug */ = {
			isa = XCBuildConfiguration;
			buildSettings = {
				ALWAYS_EMBED_SWIFT_STANDARD_LIBRARIES = YES;
				DEVELOPMENT_TEAM = LNMB6YK7H9;
				INFOPLIST_FILE = FORTRANsitFrameworkTests/Info.plist;
				LD_RUNPATH_SEARCH_PATHS = "$(inherited) @executable_path/Frameworks @loader_path/Frameworks";
				PRODUCT_BUNDLE_IDENTIFIER = KOG.FORTRANsitFrameworkTests;
				PRODUCT_NAME = "$(TARGET_NAME)";
				SWIFT_VERSION = 3.0;
				TEST_HOST = "$(BUILT_PRODUCTS_DIR)/FORTRANsit.app/FORTRANsit";
			};
			name = Debug;
		};
		8361EA3B1DF34C2100DB19BB /* Release */ = {
			isa = XCBuildConfiguration;
			buildSettings = {
				ALWAYS_EMBED_SWIFT_STANDARD_LIBRARIES = YES;
				DEVELOPMENT_TEAM = LNMB6YK7H9;
				INFOPLIST_FILE = FORTRANsitFrameworkTests/Info.plist;
				LD_RUNPATH_SEARCH_PATHS = "$(inherited) @executable_path/Frameworks @loader_path/Frameworks";
				PRODUCT_BUNDLE_IDENTIFIER = KOG.FORTRANsitFrameworkTests;
				PRODUCT_NAME = "$(TARGET_NAME)";
				SWIFT_VERSION = 3.0;
				TEST_HOST = "$(BUILT_PRODUCTS_DIR)/FORTRANsit.app/FORTRANsit";
			};
			name = Release;
		};
/* End XCBuildConfiguration section */

/* Begin XCConfigurationList section */
		8361E9CD1DF3224100DB19BB /* Build configuration list for PBXProject "FORTRANsit" */ = {
			isa = XCConfigurationList;
			buildConfigurations = (
				8361E9F81DF3224100DB19BB /* Debug */,
				8361E9F91DF3224100DB19BB /* Release */,
			);
			defaultConfigurationIsVisible = 0;
			defaultConfigurationName = Release;
		};
		8361E9FA1DF3224100DB19BB /* Build configuration list for PBXNativeTarget "FORTRANsit" */ = {
			isa = XCConfigurationList;
			buildConfigurations = (
				8361E9FB1DF3224100DB19BB /* Debug */,
				8361E9FC1DF3224100DB19BB /* Release */,
			);
			defaultConfigurationIsVisible = 0;
			defaultConfigurationName = Release;
		};
		8361E9FD1DF3224100DB19BB /* Build configuration list for PBXNativeTarget "FORTRANsitTests" */ = {
			isa = XCConfigurationList;
			buildConfigurations = (
				8361E9FE1DF3224100DB19BB /* Debug */,
				8361E9FF1DF3224100DB19BB /* Release */,
			);
			defaultConfigurationIsVisible = 0;
			defaultConfigurationName = Release;
		};
		8361EA001DF3224100DB19BB /* Build configuration list for PBXNativeTarget "FORTRANsitUITests" */ = {
			isa = XCConfigurationList;
			buildConfigurations = (
				8361EA011DF3224100DB19BB /* Debug */,
				8361EA021DF3224100DB19BB /* Release */,
			);
			defaultConfigurationIsVisible = 0;
			defaultConfigurationName = Release;
		};
		8361EA151DF34A9D00DB19BB /* Build configuration list for PBXNativeTarget "FORTRANsitWidget" */ = {
			isa = XCConfigurationList;
			buildConfigurations = (
				8361EA161DF34A9D00DB19BB /* Debug */,
				8361EA171DF34A9D00DB19BB /* Release */,
			);
			defaultConfigurationIsVisible = 0;
			defaultConfigurationName = Release;
		};
		8361EA351DF34C2100DB19BB /* Build configuration list for PBXNativeTarget "FORTRANsitFramework" */ = {
			isa = XCConfigurationList;
			buildConfigurations = (
				8361EA361DF34C2100DB19BB /* Debug */,
				8361EA371DF34C2100DB19BB /* Release */,
			);
			defaultConfigurationIsVisible = 0;
			defaultConfigurationName = Release;
		};
		8361EA391DF34C2100DB19BB /* Build configuration list for PBXNativeTarget "FORTRANsitFrameworkTests" */ = {
			isa = XCConfigurationList;
			buildConfigurations = (
				8361EA3A1DF34C2100DB19BB /* Debug */,
				8361EA3B1DF34C2100DB19BB /* Release */,
			);
			defaultConfigurationIsVisible = 0;
			defaultConfigurationName = Release;
		};
/* End XCConfigurationList section */
	};
	rootObject = 8361E9CA1DF3224100DB19BB /* Project object */;
}
